
Microsoft Visual Studio Solution File, Format Version 12.00
# Visual Studio Version 16
VisualStudioVersion = 16.0.31205.134
MinimumVisualStudioVersion = 10.0.40219.1
Project("{FAE04EC0-301F-11D3-BF4B-00C04F79EFBC}") = "Migrations_bd", "Migrations_bd\Migrations_bd.csproj", "{42226F84-2523-4D7E-97FE-F02E8CB63D8B}"
EndProject
Global
	GlobalSection(SolutionConfigurationPlatforms) = preSolution
		Debug|Any CPU = Debug|Any CPU
		Release|Any CPU = Release|Any CPU
	EndGlobalSection
	GlobalSection(ProjectConfigurationPlatforms) = postSolution
		{42226F84-2523-4D7E-97FE-F02E8CB63D8B}.Debug|Any CPU.ActiveCfg = Debug|Any CPU
		{42226F84-2523-4D7E-97FE-F02E8CB63D8B}.Debug|Any CPU.Build.0 = Debug|Any CPU
		{42226F84-2523-4D7E-97FE-F02E8CB63D8B}.Release|Any CPU.ActiveCfg = Release|Any CPU
		{42226F84-2523-4D7E-97FE-F02E8CB63D8B}.Release|Any CPU.Build.0 = Release|Any CPU
	EndGlobalSection
	GlobalSection(SolutionProperties) = preSolution
		HideSolutionNode = FALSE
	EndGlobalSection
	GlobalSection(ExtensibilityGlobals) = postSolution
		SolutionGuid = {29C21F28-E319-446C-AB92-A9A0BCEC97DA}
	EndGlobalSection
EndGlobal
